// !$*UTF8*$!
{
	archiveVersion = 1;
	classes = {
	};
	objectVersion = 46;
	objects = {

/* Begin PBXBuildFile section */
		BA1B86EF19C8C0DC00B518A7 /* VNodeDiskDevice.cpp in Sources */ = {isa = PBXBuildFile; fileRef = BA1B86ED19C8C0DC00B518A7 /* VNodeDiskDevice.cpp */; };
		BA1B86F019C8C0DC00B518A7 /* VNodeDiskDevice.h in Headers */ = {isa = PBXBuildFile; fileRef = BA1B86EE19C8C0DC00B518A7 /* VNodeDiskDevice.h */; };
		BA3F15641A02B2B9009EA9EB /* VNodeDiskController.h in Headers */ = {isa = PBXBuildFile; fileRef = BA3F15631A02B2B9009EA9EB /* VNodeDiskController.h */; };
		BA3F15661A02B2D9009EA9EB /* VNodeDiskController.cpp in Sources */ = {isa = PBXBuildFile; fileRef = BA3F15651A02B2D9009EA9EB /* VNodeDiskController.cpp */; };
		BAF8F841198028EE00C9D38E /* InfoPlist.strings in Resources */ = {isa = PBXBuildFile; fileRef = BAF8F83F198028EE00C9D38E /* InfoPlist.strings */; };
		BAF8F844198028EE00C9D38E /* OSXDeviceMapper.cpp in Sources */ = {isa = PBXBuildFile; fileRef = BAF8F843198028EE00C9D38E /* OSXDeviceMapper.cpp */; };
/* End PBXBuildFile section */

/* Begin PBXFileReference section */
		BA1B86ED19C8C0DC00B518A7 /* VNodeDiskDevice.cpp */ = {isa = PBXFileReference; fileEncoding = 4; lastKnownFileType = sourcecode.cpp.cpp; name = VNodeDiskDevice.cpp; path = VNodeDiskModule/VNodeDiskDevice.cpp; sourceTree = "<group>"; };
		BA1B86EE19C8C0DC00B518A7 /* VNodeDiskDevice.h */ = {isa = PBXFileReference; fileEncoding = 4; lastKnownFileType = sourcecode.c.h; name = VNodeDiskDevice.h; path = VNodeDiskModule/VNodeDiskDevice.h; sourceTree = "<group>"; };
		BA3F15631A02B2B9009EA9EB /* VNodeDiskController.h */ = {isa = PBXFileReference; fileEncoding = 4; lastKnownFileType = sourcecode.c.h; name = VNodeDiskController.h; path = VNodeDiskModule/VNodeDiskController.h; sourceTree = "<group>"; };
		BA3F15651A02B2D9009EA9EB /* VNodeDiskController.cpp */ = {isa = PBXFileReference; fileEncoding = 4; lastKnownFileType = sourcecode.cpp.cpp; name = VNodeDiskController.cpp; path = VNodeDiskModule/VNodeDiskController.cpp; sourceTree = "<group>"; };
		BAF8F837198028EE00C9D38E /* OSXDeviceMapper.kext */ = {isa = PBXFileReference; explicitFileType = wrapper.cfbundle; includeInIndex = 0; path = OSXDeviceMapper.kext; sourceTree = BUILT_PRODUCTS_DIR; };
		BAF8F83B198028EE00C9D38E /* Kernel.framework */ = {isa = PBXFileReference; lastKnownFileType = wrapper.framework; name = Kernel.framework; path = System/Library/Frameworks/Kernel.framework; sourceTree = SDKROOT; };
		BAF8F83E198028EE00C9D38E /* OSXDeviceMapper-Info.plist */ = {isa = PBXFileReference; lastKnownFileType = text.plist.xml; path = "OSXDeviceMapper-Info.plist"; sourceTree = "<group>"; };
		BAF8F840198028EE00C9D38E /* en */ = {isa = PBXFileReference; lastKnownFileType = text.plist.strings; name = en; path = en.lproj/InfoPlist.strings; sourceTree = "<group>"; };
		BAF8F842198028EE00C9D38E /* OSXDeviceMapper.h */ = {isa = PBXFileReference; lastKnownFileType = sourcecode.c.h; path = OSXDeviceMapper.h; sourceTree = "<group>"; };
		BAF8F843198028EE00C9D38E /* OSXDeviceMapper.cpp */ = {isa = PBXFileReference; lastKnownFileType = sourcecode.cpp.cpp; path = OSXDeviceMapper.cpp; sourceTree = "<group>"; };
		BAF8F845198028EE00C9D38E /* OSXDeviceMapper-Prefix.pch */ = {isa = PBXFileReference; lastKnownFileType = sourcecode.c.h; path = "OSXDeviceMapper-Prefix.pch"; sourceTree = "<group>"; };
/* End PBXFileReference section */

/* Begin PBXFrameworksBuildPhase section */
		BAF8F832198028EE00C9D38E /* Frameworks */ = {
			isa = PBXFrameworksBuildPhase;
			buildActionMask = 2147483647;
			files = (
			);
			runOnlyForDeploymentPostprocessing = 0;
		};
/* End PBXFrameworksBuildPhase section */

/* Begin PBXGroup section */
		BA3F15621A02B27F009EA9EB /* VNodeDiskModule */ = {
			isa = PBXGroup;
			children = (
				BA3F15651A02B2D9009EA9EB /* VNodeDiskController.cpp */,
				BA1B86ED19C8C0DC00B518A7 /* VNodeDiskDevice.cpp */,
				BA1B86EE19C8C0DC00B518A7 /* VNodeDiskDevice.h */,
				BA3F15631A02B2B9009EA9EB /* VNodeDiskController.h */,
			);
			name = VNodeDiskModule;
			sourceTree = "<group>";
		};
		BAF8F82C198028EE00C9D38E = {
			isa = PBXGroup;
			children = (
				BAF8F83C198028EE00C9D38E /* OSXDeviceMapper */,
				BAF8F839198028EE00C9D38E /* Frameworks */,
				BAF8F838198028EE00C9D38E /* Products */,
			);
			sourceTree = "<group>";
		};
		BAF8F838198028EE00C9D38E /* Products */ = {
			isa = PBXGroup;
			children = (
				BAF8F837198028EE00C9D38E /* OSXDeviceMapper.kext */,
			);
			name = Products;
			sourceTree = "<group>";
		};
		BAF8F839198028EE00C9D38E /* Frameworks */ = {
			isa = PBXGroup;
			children = (
				BAF8F83A198028EE00C9D38E /* Other Frameworks */,
			);
			name = Frameworks;
			sourceTree = "<group>";
		};
		BAF8F83A198028EE00C9D38E /* Other Frameworks */ = {
			isa = PBXGroup;
			children = (
				BAF8F83B198028EE00C9D38E /* Kernel.framework */,
			);
			name = "Other Frameworks";
			sourceTree = "<group>";
		};
		BAF8F83C198028EE00C9D38E /* OSXDeviceMapper */ = {
			isa = PBXGroup;
			children = (
				BA3F15621A02B27F009EA9EB /* VNodeDiskModule */,
				BAF8F842198028EE00C9D38E /* OSXDeviceMapper.h */,
				BAF8F843198028EE00C9D38E /* OSXDeviceMapper.cpp */,
				BAF8F83D198028EE00C9D38E /* Supporting Files */,
			);
			path = OSXDeviceMapper;
			sourceTree = "<group>";
		};
		BAF8F83D198028EE00C9D38E /* Supporting Files */ = {
			isa = PBXGroup;
			children = (
				BAF8F83E198028EE00C9D38E /* OSXDeviceMapper-Info.plist */,
				BAF8F83F198028EE00C9D38E /* InfoPlist.strings */,
				BAF8F845198028EE00C9D38E /* OSXDeviceMapper-Prefix.pch */,
			);
			name = "Supporting Files";
			sourceTree = "<group>";
		};
/* End PBXGroup section */

/* Begin PBXHeadersBuildPhase section */
		BAF8F833198028EE00C9D38E /* Headers */ = {
			isa = PBXHeadersBuildPhase;
			buildActionMask = 2147483647;
			files = (
				BA3F15641A02B2B9009EA9EB /* VNodeDiskController.h in Headers */,
				BA1B86F019C8C0DC00B518A7 /* VNodeDiskDevice.h in Headers */,
			);
			runOnlyForDeploymentPostprocessing = 0;
		};
/* End PBXHeadersBuildPhase section */

/* Begin PBXNativeTarget section */
		BAF8F836198028EE00C9D38E /* OSXDeviceMapper */ = {
			isa = PBXNativeTarget;
			buildConfigurationList = BAF8F848198028EE00C9D38E /* Build configuration list for PBXNativeTarget "OSXDeviceMapper" */;
			buildPhases = (
				BAF8F831198028EE00C9D38E /* Sources */,
				BAF8F832198028EE00C9D38E /* Frameworks */,
				BAF8F833198028EE00C9D38E /* Headers */,
				BAF8F834198028EE00C9D38E /* Resources */,
				BAF8F835198028EE00C9D38E /* Rez */,
			);
			buildRules = (
			);
			dependencies = (
			);
			name = OSXDeviceMapper;
			productName = OSXDeviceMapper;
			productReference = BAF8F837198028EE00C9D38E /* OSXDeviceMapper.kext */;
			productType = "com.apple.product-type.kernel-extension";
		};
/* End PBXNativeTarget section */

/* Begin PBXProject section */
		BAF8F82D198028EE00C9D38E /* Project object */ = {
			isa = PBXProject;
			attributes = {
				LastUpgradeCheck = 0510;
				ORGANIZATIONNAME = "Michal Parusinski";
			};
			buildConfigurationList = BAF8F830198028EE00C9D38E /* Build configuration list for PBXProject "OSXDeviceMapper" */;
			compatibilityVersion = "Xcode 3.2";
			developmentRegion = English;
			hasScannedForEncodings = 0;
			knownRegions = (
				en,
			);
			mainGroup = BAF8F82C198028EE00C9D38E;
			productRefGroup = BAF8F838198028EE00C9D38E /* Products */;
			projectDirPath = "";
			projectRoot = "";
			targets = (
				BAF8F836198028EE00C9D38E /* OSXDeviceMapper */,
			);
		};
/* End PBXProject section */

/* Begin PBXResourcesBuildPhase section */
		BAF8F834198028EE00C9D38E /* Resources */ = {
			isa = PBXResourcesBuildPhase;
			buildActionMask = 2147483647;
			files = (
				BAF8F841198028EE00C9D38E /* InfoPlist.strings in Resources */,
			);
			runOnlyForDeploymentPostprocessing = 0;
		};
/* End PBXResourcesBuildPhase section */

/* Begin PBXRezBuildPhase section */
		BAF8F835198028EE00C9D38E /* Rez */ = {
			isa = PBXRezBuildPhase;
			buildActionMask = 2147483647;
			files = (
			);
			runOnlyForDeploymentPostprocessing = 0;
		};
/* End PBXRezBuildPhase section */

/* Begin PBXSourcesBuildPhase section */
		BAF8F831198028EE00C9D38E /* Sources */ = {
			isa = PBXSourcesBuildPhase;
			buildActionMask = 2147483647;
			files = (
				BAF8F844198028EE00C9D38E /* OSXDeviceMapper.cpp in Sources */,
				BA1B86EF19C8C0DC00B518A7 /* VNodeDiskDevice.cpp in Sources */,
				BA3F15661A02B2D9009EA9EB /* VNodeDiskController.cpp in Sources */,
			);
			runOnlyForDeploymentPostprocessing = 0;
		};
/* End PBXSourcesBuildPhase section */

/* Begin PBXVariantGroup section */
		BAF8F83F198028EE00C9D38E /* InfoPlist.strings */ = {
			isa = PBXVariantGroup;
			children = (
				BAF8F840198028EE00C9D38E /* en */,
			);
			name = InfoPlist.strings;
			sourceTree = "<group>";
		};
/* End PBXVariantGroup section */

/* Begin XCBuildConfiguration section */
		BAF8F846198028EE00C9D38E /* Debug */ = {
			isa = XCBuildConfiguration;
			buildSettings = {
				ALWAYS_SEARCH_USER_PATHS = NO;
				CLANG_CXX_LANGUAGE_STANDARD = "gnu++0x";
				CLANG_CXX_LIBRARY = "libc++";
				CLANG_ENABLE_MODULES = YES;
				CLANG_ENABLE_OBJC_ARC = YES;
				CLANG_WARN_BOOL_CONVERSION = YES;
				CLANG_WARN_CONSTANT_CONVERSION = YES;
				CLANG_WARN_DIRECT_OBJC_ISA_USAGE = YES_ERROR;
				CLANG_WARN_EMPTY_BODY = YES;
				CLANG_WARN_ENUM_CONVERSION = YES;
				CLANG_WARN_INT_CONVERSION = YES;
				CLANG_WARN_OBJC_ROOT_CLASS = YES_ERROR;
				CLANG_WARN__DUPLICATE_METHOD_MATCH = YES;
				CODE_SIGN_IDENTITY = "Developer ID Application";
				COPY_PHASE_STRIP = NO;
				GCC_C_LANGUAGE_STANDARD = gnu99;
				GCC_DYNAMIC_NO_PIC = NO;
				GCC_ENABLE_OBJC_EXCEPTIONS = YES;
				GCC_OPTIMIZATION_LEVEL = 0;
				GCC_PREPROCESSOR_DEFINITIONS = (
					"DEBUG=1",
					"$(inherited)",
				);
				GCC_SYMBOLS_PRIVATE_EXTERN = NO;
				GCC_WARN_64_TO_32_BIT_CONVERSION = YES;
				GCC_WARN_ABOUT_RETURN_TYPE = YES_ERROR;
				GCC_WARN_UNDECLARED_SELECTOR = YES;
				GCC_WARN_UNINITIALIZED_AUTOS = YES_AGGRESSIVE;
				GCC_WARN_UNUSED_FUNCTION = YES;
				GCC_WARN_UNUSED_VARIABLE = YES;
				MACOSX_DEPLOYMENT_TARGET = 10.9;
				ONLY_ACTIVE_ARCH = YES;
				SDKROOT = macosx;
			};
			name = Debug;
		};
		BAF8F847198028EE00C9D38E /* Release */ = {
			isa = XCBuildConfiguration;
			buildSettings = {
				ALWAYS_SEARCH_USER_PATHS = NO;
				CLANG_CXX_LANGUAGE_STANDARD = "gnu++0x";
				CLANG_CXX_LIBRARY = "libc++";
				CLANG_ENABLE_MODULES = YES;
				CLANG_ENABLE_OBJC_ARC = YES;
				CLANG_WARN_BOOL_CONVERSION = YES;
				CLANG_WARN_CONSTANT_CONVERSION = YES;
				CLANG_WARN_DIRECT_OBJC_ISA_USAGE = YES_ERROR;
				CLANG_WARN_EMPTY_BODY = YES;
				CLANG_WARN_ENUM_CONVERSION = YES;
				CLANG_WARN_INT_CONVERSION = YES;
				CLANG_WARN_OBJC_ROOT_CLASS = YES_ERROR;
				CLANG_WARN__DUPLICATE_METHOD_MATCH = YES;
				CODE_SIGN_IDENTITY = "Developer ID Application";
				COPY_PHASE_STRIP = YES;
				DEBUG_INFORMATION_FORMAT = "dwarf-with-dsym";
				ENABLE_NS_ASSERTIONS = NO;
				GCC_C_LANGUAGE_STANDARD = gnu99;
				GCC_ENABLE_OBJC_EXCEPTIONS = YES;
				GCC_WARN_64_TO_32_BIT_CONVERSION = YES;
				GCC_WARN_ABOUT_RETURN_TYPE = YES_ERROR;
				GCC_WARN_UNDECLARED_SELECTOR = YES;
				GCC_WARN_UNINITIALIZED_AUTOS = YES_AGGRESSIVE;
				GCC_WARN_UNUSED_FUNCTION = YES;
				GCC_WARN_UNUSED_VARIABLE = YES;
				MACOSX_DEPLOYMENT_TARGET = 10.9;
				SDKROOT = macosx;
			};
			name = Release;
		};
		BAF8F849198028EE00C9D38E /* Debug */ = {
			isa = XCBuildConfiguration;
			buildSettings = {
				CODE_SIGN_IDENTITY = "Developer ID Application";
				COMBINE_HIDPI_IMAGES = YES;
				CURRENT_PROJECT_VERSION = 1.0.0d1;
				GCC_PRECOMPILE_PREFIX_HEADER = YES;
				GCC_PREFIX_HEADER = "OSXDeviceMapper/OSXDeviceMapper-Prefix.pch";
				INFOPLIST_FILE = "OSXDeviceMapper/OSXDeviceMapper-Info.plist";
				MODULE_NAME = com.parusinskimichal.OSXDeviceMapper;
				MODULE_VERSION = 1.0.0d1;
				PRODUCT_NAME = "$(TARGET_NAME)";
				WRAPPER_EXTENSION = kext;
			};
			name = Debug;
		};
		BAF8F84A198028EE00C9D38E /* Release */ = {
			isa = XCBuildConfiguration;
			buildSettings = {
				CODE_SIGN_IDENTITY = "Developer ID Application";
				COMBINE_HIDPI_IMAGES = YES;
				CURRENT_PROJECT_VERSION = 1.0.0d1;
				GCC_PRECOMPILE_PREFIX_HEADER = YES;
				GCC_PREFIX_HEADER = "OSXDeviceMapper/OSXDeviceMapper-Prefix.pch";
				INFOPLIST_FILE = "OSXDeviceMapper/OSXDeviceMapper-Info.plist";
				MODULE_NAME = com.parusinskimichal.OSXDeviceMapper;
				MODULE_VERSION = 1.0.0d1;
				PRODUCT_NAME = "$(TARGET_NAME)";
				WRAPPER_EXTENSION = kext;
			};
			name = Release;
		};
/* End XCBuildConfiguration section */

/* Begin XCConfigurationList section */
		BAF8F830198028EE00C9D38E /* Build configuration list for PBXProject "OSXDeviceMapper" */ = {
			isa = XCConfigurationList;
			buildConfigurations = (
				BAF8F846198028EE00C9D38E /* Debug */,
				BAF8F847198028EE00C9D38E /* Release */,
			);
			defaultConfigurationIsVisible = 0;
			defaultConfigurationName = Release;
		};
		BAF8F848198028EE00C9D38E /* Build configuration list for PBXNativeTarget "OSXDeviceMapper" */ = {
			isa = XCConfigurationList;
			buildConfigurations = (
				BAF8F849198028EE00C9D38E /* Debug */,
				BAF8F84A198028EE00C9D38E /* Release */,
			);
			defaultConfigurationIsVisible = 0;
			defaultConfigurationName = Release;
		};
/* End XCConfigurationList section */
	};
	rootObject = BAF8F82D198028EE00C9D38E /* Project object */;
}
